
Microsoft Visual Studio Solution File, Format Version 12.00
# Visual Studio Version 17
VisualStudioVersion = 17.0.31903.59
MinimumVisualStudioVersion = 10.0.40219.1
Project("{FAE04EC0-301F-11D3-BF4B-00C04F79EFBC}") = "Notes.Api", "Notes.Api\Notes.Api.csproj", "{E09EB343-121D-41A2-83CB-CF34BC63BA70}"
EndProject
Project("{FAE04EC0-301F-11D3-BF4B-00C04F79EFBC}") = "Notes.Core", "Notes.Core\Notes.Core.csproj", "{7476A7B6-6EBD-47CF-8E2F-CC006FBE73D8}"
EndProject
Project("{FAE04EC0-301F-11D3-BF4B-00C04F79EFBC}") = "Notes.Infrastructure", "Notes.Infrastructure\Notes.Infrastructure.csproj", "{1F632D12-C6D2-4310-9169-CA1C9264245B}"
EndProject
Global
	GlobalSection(SolutionConfigurationPlatforms) = preSolution
		Debug|Any CPU = Debug|Any CPU
		Release|Any CPU = Release|Any CPU
	EndGlobalSection
	GlobalSection(SolutionProperties) = preSolution
		HideSolutionNode = FALSE
	EndGlobalSection
	GlobalSection(ProjectConfigurationPlatforms) = postSolution
		{E09EB343-121D-41A2-83CB-CF34BC63BA70}.Debug|Any CPU.ActiveCfg = Debug|Any CPU
		{E09EB343-121D-41A2-83CB-CF34BC63BA70}.Debug|Any CPU.Build.0 = Debug|Any CPU
		{E09EB343-121D-41A2-83CB-CF34BC63BA70}.Release|Any CPU.ActiveCfg = Release|Any CPU
		{E09EB343-121D-41A2-83CB-CF34BC63BA70}.Release|Any CPU.Build.0 = Release|Any CPU
		{7476A7B6-6EBD-47CF-8E2F-CC006FBE73D8}.Debug|Any CPU.ActiveCfg = Debug|Any CPU
		{7476A7B6-6EBD-47CF-8E2F-CC006FBE73D8}.Debug|Any CPU.Build.0 = Debug|Any CPU
		{7476A7B6-6EBD-47CF-8E2F-CC006FBE73D8}.Release|Any CPU.ActiveCfg = Release|Any CPU
		{7476A7B6-6EBD-47CF-8E2F-CC006FBE73D8}.Release|Any CPU.Build.0 = Release|Any CPU
		{1F632D12-C6D2-4310-9169-CA1C9264245B}.Debug|Any CPU.ActiveCfg = Debug|Any CPU
		{1F632D12-C6D2-4310-9169-CA1C9264245B}.Debug|Any CPU.Build.0 = Debug|Any CPU
		{1F632D12-C6D2-4310-9169-CA1C9264245B}.Release|Any CPU.ActiveCfg = Release|Any CPU
		{1F632D12-C6D2-4310-9169-CA1C9264245B}.Release|Any CPU.Build.0 = Release|Any CPU
	EndGlobalSection
EndGlobal
